PODS:
  - Alamofire (4.8.1)
  - Down (0.6.2)
  - Moya (12.0.1):
    - Moya/Core (= 12.0.1)
  - Moya/Core (12.0.1):
    - Alamofire (~> 4.1)
    - Result (~> 4.0)
  - Realm (3.13.1):
    - Realm/Headers (= 3.13.1)
  - Realm/Headers (3.13.1)
  - RealmSwift (3.13.1):
    - Realm (= 3.13.1)
  - Result (4.1.0)

DEPENDENCIES:
  - Alamofire
  - Down
  - Moya
  - RealmSwift

SPEC REPOS:
  https://github.com/cocoapods/specs.git:
    - Alamofire
    - Down
    - Moya
    - Realm
    - RealmSwift
    - Result

SPEC CHECKSUMS:
  Alamofire: 16ce2c353fb72865124ddae8a57c5942388f4f11
  Down: 8c59a03cb229ef28dfa774b2132da860f3dee0ac
  Moya: cf730b3cd9e005401ef37a85143aa141a12fd38f
  Realm: 50071da38fe079e0735e47c9f2eae738c68c5996
  RealmSwift: 8a1e6a02b7a08cd17a31e3115143fb69fe5f3fb9
  Result: bd966fac789cc6c1563440b348ab2598cc24d5c7

PODFILE CHECKSUM: 036f8e2dae89f8fe954df5059e6e7322db07692e

COCOAPODS: 1.5.3
